# THIS IS AN AUTOGENERATED FILE. DO NOT EDIT THIS FILE DIRECTLY.
# yarn lockfile v1


"@adobe/css-tools@^4.0.1":
  version "4.4.4"
  resolved "https://registry.yarnpkg.com/@adobe/css-tools/-/css-tools-4.4.4.tgz#2856c55443d3d461693f32d2b96fb6ea92e1ffa9"
  integrity sha512-Elp+iwUx5rN5+Y8xLt5/GRoG20WGoDCQ/1Fb+1LiGtvwbDavuSk0jhD/eZdckHAuzcDzccnkv+rEjyWfRx18gg==

"@alloc/quick-lru@^5.2.0":
  version "5.2.0"
  resolved "https://registry.yarnpkg.com/@alloc/quick-lru/-/quick-lru-5.2.0.tgz#7bf68b20c0a350f936915fcae06f58e32007ce30"
  integrity sha512-UrcABB+4bUrFABwbluTIBErXwvbsU/V7TZWfmbgJfbkwiBuziS9gxdODUyuiecfdGQ85jglMW6juS3+z5TsKLw==

"@ampproject/remapping@^2.2.0":
  version "2.3.0"
  resolved "https://registry.npmjs.org/@ampproject/remapping/-/remapping-2.3.0.tgz"
  integrity sha512-30iZtAPgz+LTIYoeivqYo853f02jBYSd5uGnGpkFV0M3xOt9aN73erkgYAmZU43x4VfqcnLxW9Kpg3R5LC4YYw==
  dependencies:
    "@jridgewell/gen-mapping" "^0.3.5"
    "@jridgewell/trace-mapping" "^0.3.24"

"@apideck/better-ajv-errors@^0.3.1":
  version "0.3.6"
  resolved "https://registry.yarnpkg.com/@apideck/better-ajv-errors/-/better-ajv-errors-0.3.6.tgz#957d4c28e886a64a8141f7522783be65733ff097"
  integrity sha512-P+ZygBLZtkp0qqOAJJVX4oX/sFo5JR3eBWwwuqHHhK0GIgQOKWrAfiAaWX0aArHkRWHMuggFEgAZNxVPwPZYaA==
  dependencies:
    json-schema "^0.4.0"
    jsonpointer "^5.0.0"
    leven "^3.1.0"

"@babel/code-frame@^7.0.0", "@babel/code-frame@^7.10.4", "@babel/code-frame@^7.12.13", "@babel/code-frame@^7.16.0", "@babel/code-frame@^7.27.1", "@babel/code-frame@^7.8.3":
  version "7.27.1"
  resolved "https://registry.yarnpkg.com/@babel/code-frame/-/code-frame-7.27.1.tgz#200f715e66d52a23b221a9435534a91cc13ad5be"
  integrity sha512-cjQ7ZlQ0Mv3b47hABuTevyTuYN4i+loJKGeV9flcCgIK37cCXRh+L1bd3iBHlynerhQ7BhCkn2BPbQUL+rGqFg==
  dependencies:
    "@babel/helper-validator-identifier" "^7.27.1"
    js-tokens "^4.0.0"
    picocolors "^1.1.1"

"@babel/compat-data@^7.22.6", "@babel/compat-data@^7.27.2", "@babel/compat-data@^7.27.7", "@babel/compat-data@^7.28.0":
  version "7.28.4"
  resolved "https://registry.yarnpkg.com/@babel/compat-data/-/compat-data-7.28.4.tgz#96fdf1af1b8859c8474ab39c295312bfb7c24b04"
  integrity sha512-YsmSKC29MJwf0gF8Rjjrg5LQCmyh+j/nD8/eP7f+BeoQTKYqs9RoWbjGOdy0+1Ekr68RJZMUOPVQaQisnIo4Rw==

"@babel/core@^7.0.0", "@babel/core@^7.0.0-0", "@babel/core@^7.0.0-0 || ^8.0.0-0 <8.0.0", "@babel/core@^7.1.0", "@babel/core@^7.11.0", "@babel/core@^7.11.1", "@babel/core@^7.12.0", "@babel/core@^7.12.3", "@babel/core@^7.13.0", "@babel/core@^7.16.0", "@babel/core@^7.4.0 || ^8.0.0-0 <8.0.0", "@babel/core@^7.7.2", "@babel/core@^7.8.0":
  version "7.28.4"
  resolved "https://registry.yarnpkg.com/@babel/core/-/core-7.28.4.tgz#12a550b8794452df4c8b084f95003bce1742d496"
  integrity sha512-2BCOP7TN8M+gVDj7/ht3hsaO/B/n5oDbiAyyvnRlNOs+u1o+JWNYTQrmpuNp1/Wq2gcFrI01JAW+paEKDMx/CA==
  dependencies:
    "@ampproject/remapping" "^2.2.0"
    "@babel/code-frame" "^7.27.1"
    "@babel/generator" "^7.28.3"
    "@babel/helper-compilation-targets" "^7.27.2"
    "@babel/helper-module-transforms" "^7.28.3"
    "@babel/helpers" "^7.28.4"
    "@babel/parser" "^7.28.4"
    "@babel/template" "^7.27.2"
    "@babel/traverse" "^7.28.4"
    "@babel/types" "^7.28.4"
    "@jridgewell/remapping" "^2.3.5"
    convert-source-map "^2.0.0"
    debug "^4.1.0"
    gensync "^1.0.0-beta.2"
    json5 "^2.2.3"
    semver "^6.3.1"

"@babel/eslint-parser@^7.16.3":
  version "7.28.4"
  resolved "https://registry.yarnpkg.com/@babel/eslint-parser/-/eslint-parser-7.28.4.tgz#80dd86e0aeaae9704411a044db60e1ae6477d93f"
  integrity sha512-Aa+yDiH87980jR6zvRfFuCR1+dLb00vBydhTL+zI992Rz/wQhSvuxjmOOuJOgO3XmakO6RykRGD2S1mq1AtgHA==
  dependencies:
    "@nicolo-ribaudo/eslint-scope-5-internals" "5.1.1-v1"
    eslint-visitor-keys "^2.1.0"
    semver "^6.3.1"

"@babel/generator@^7.27.3", "@babel/generator@^7.7.2", "@babel/generator@^7.28.3":
  version "7.28.3"
  resolved "https://registry.yarnpkg.com/@babel/generator/-/generator-7.28.3.tgz#9626c1741c650cbac39121694a0f2d7451b8ef3e"
  integrity sha512-3lSpxGgvnmZznmBkCRnVREPUFJv2wrv9iAoFDvADJc0ypmdOxdUtcLeBgBJ6zE0PMeTKnxeQzyk0xTBq4Ep7zw==
  dependencies:
    "@babel/parser" "^7.28.3"
    "@babel/types" "^7.28.2"
    "@jridgewell/gen-mapping" "^0.3.12"
    "@jridgewell/trace-mapping" "^0.3.28"
    jsesc "^3.0.2"

"@babel/helper-annotate-as-pure@^7.18.6", "@babel/helper-annotate-as-pure@^7.22.5", "@babel/helper-annotate-as-pure@^7.27.1", "@babel/helper-annotate-as-pure@^7.27.3":
  version "7.27.3"
  resolved "https://registry.yarnpkg.com/@babel/helper-annotate-as-pure/-/helper-annotate-as-pure-7.27.3.tgz#f31fd86b915fc4daf1f3ac6976c59be7084ed9c5"
  integrity sha512-fXSwMQqitTGeHLBC08Eq5yXz2m37E4pJX1qAU1+2cNedz/ifv/bVXft90VeSav5nFO61EcNgwr0aJxbyPaWBPg==
  dependencies:
    "@babel/types" "^7.27.3"

"@babel/helper-compilation-targets@^7.22.6", "@babel/helper-compilation-targets@^7.27.1", "@babel/helper-compilation-targets@^7.27.2":
  version "7.27.2"
  resolved "https://registry.yarnpkg.com/@babel/helper-compilation-targets/-/helper-compilation-targets-7.27.2.tgz#46a0f6efab808d51d29ce96858dd10ce8732733d"
  integrity sha512-2+1thGUUWWjLTYTHZWK1n8Yga0ijBz1XAhUXcKy81rd5g6yh7hGqMp45v7cadSbEHc9G3OTv45SyneRN3ps4DQ==
  dependencies:
    "@babel/compat-data" "^7.27.2"
    "@babel/helper-validator-option" "^7.27.1"
    browserslist "^4.24.0"
    lru-cache "^5.1.1"
    semver "^6.3.1"

"@babel/helper-create-class-features-plugin@^7.18.6", "@babel/helper-create-class-features-plugin@^7.21.0", "@babel/helper-create-class-features-plugin@^7.27.1", "@babel/helper-create-class-features-plugin@^7.28.3":
  version "7.28.3"
  resolved "https://registry.yarnpkg.com/@babel/helper-create-class-features-plugin/-/helper-create-class-features-plugin-7.28.3.tgz#3e747434ea007910c320c4d39a6b46f20f371d46"
  integrity sha512-V9f6ZFIYSLNEbuGA/92uOvYsGCJNsuA8ESZ4ldc09bWk/j8H8TKiPw8Mk1eG6olpnO0ALHJmYfZvF4MEE4gajg==
  dependencies:
    "@babel/helper-annotate-as-pure" "^7.27.3"
    "@babel/helper-member-expression-to-functions" "^7.27.1"
    "@babel/helper-optimise-call-expression" "^7.27.1"
    "@babel/helper-replace-supers" "^7.27.1"
    "@babel/helper-skip-transparent-expression-wrappers" "^7.27.1"
    "@babel/traverse" "^7.28.3"
    semver "^6.3.1"

"@babel/helper-create-regexp-features-plugin@^7.18.6", "@babel/helper-create-regexp-features-plugin@^7.27.1":
  version "7.27.1"
  resolved "https://registry.yarnpkg.com/@babel/helper-create-regexp-features-plugin/-/helper-create-regexp-features-plugin-7.27.1.tgz#05b0882d97ba1d4d03519e4bce615d70afa18c53"
  integrity sha512-uVDC72XVf8UbrH5qQTc18Agb8emwjTiZrQE11Nv3CuBEZmVvTwwE9CBUEvHku06gQCAyYf8Nv6ja1IN+6LMbxQ==
  dependencies:
    "@babel/helper-annotate-as-pure" "^7.27.1"
    regexpu-core "^6.2.0"
    semver "^6.3.1"

"@babel/helper-define-polyfill-provider@^0.6.3", "@babel/helper-define-polyfill-provider@^0.6.4", "@babel/helper-define-polyfill-provider@^0.6.5":
  version "0.6.5"
  resolved "https://registry.yarnpkg.com/@babel/helper-define-polyfill-provider/-/helper-define-polyfill-provider-0.6.5.tgz#742ccf1cb003c07b48859fc9fa2c1bbe40e5f753"
  integrity sha512-uJnGFcPsWQK8fvjgGP5LZUZZsYGIoPeRjSF5PGwrelYgq7Q15/Ft9NGFp1zglwgIv//W0uG4BevRuSJRyylZPg==
  dependencies:
    "@babel/helper-compilation-targets" "^7.27.2"
    "@babel/helper-plugin-utils" "^7.27.1"
    debug "^4.4.1"
    lodash.debounce "^4.0.8"
    resolve "^1.22.10"

"@babel/helper-globals@^7.28.0":
  version "7.28.0"
  resolved "https://registry.yarnpkg.com/@babel/helper-globals/-/helper-globals-7.28.0.tgz#b9430df2aa4e17bc28665eadeae8aa1d985e6674"
  integrity sha512-+W6cISkXFa1jXsDEdYA8HeevQT/FULhxzR99pxphltZcVaugps53THCeiWA8SguxxpSp3gKPiuYfSWopkLQ4hw==

"@babel/helper-member-expression-to-functions@^7.27.1":
  version "7.27.1"
  resolved "https://registry.yarnpkg.com/@babel/helper-member-expression-to-functions/-/helper-member-expression-to-functions-7.27.1.tgz#ea1211276be93e798ce19037da6f06fbb994fa44"
  integrity sha512-E5chM8eWjTp/aNoVpcbfM7mLxu9XGLWYise2eBKGQomAk/Mb4XoxyqXTZbuTohbsl8EKqdlMhnDI2CCLfcs9wA==
  dependencies:
    "@babel/traverse" "^7.27.1"
    "@babel/types" "^7.27.1"

"@babel/helper-module-imports@^7.0.0", "@babel/helper-module-imports@^7.10.4", "@babel/helper-module-imports@^7.16.7", "@babel/helper-module-imports@^7.22.5", "@babel/helper-module-imports@^7.27.1":
  version "7.27.1"
  resolved "https://registry.yarnpkg.com/@babel/helper-module-imports/-/helper-module-imports-7.27.1.tgz#7ef769a323e2655e126673bb6d2d6913bbead204"
  integrity sha512-0gSFWUPNXNopqtIPQvlD5WgXYI5GY2kP2cCvoT8kczjbfcfuIljTbcWrulD1CIPIX2gt1wghbDy08yE1p+/r3w==
  dependencies:
    "@babel/traverse" "^7.27.1"
    "@babel/types" "^7.27.1"

"@babel/helper-module-transforms@^7.27.1", "@babel/helper-module-transforms@^7.27.3", "@babel/helper-module-transforms@^7.28.3":
  version "7.28.3"
  resolved "https://registry.yarnpkg.com/@babel/helper-module-transforms/-/helper-module-transforms-7.28.3.tgz#a2b37d3da3b2344fe085dab234426f2b9a2fa5f6"
  integrity sha512-gytXUbs8k2sXS9PnQptz5o0QnpLL51SwASIORY6XaBKF88nsOT0Zw9szLqlSGQDP/4TljBAD5y98p2U1fqkdsw==
  dependencies:
    "@babel/helper-module-imports" "^7.27.1"
    "@babel/helper-validator-identifier" "^7.27.1"
    "@babel/traverse" "^7.28.3"

"@babel/helper-optimise-call-expression@^7.27.1":
  version "7.27.1"
  resolved "https://registry.yarnpkg.com/@babel/helper-optimise-call-expression/-/helper-optimise-call-expression-7.27.1.tgz#c65221b61a643f3e62705e5dd2b5f115e35f9200"
  integrity sha512-URMGH08NzYFhubNSGJrpUEphGKQwMQYBySzat5cAByY1/YgIRkULnIy3tAMeszlL/so2HbeilYloUmSpd7GdVw==
  dependencies:
    "@babel/types" "^7.27.1"

"@babel/helper-plugin-utils@^7.0.0", "@babel/helper-plugin-utils@^7.10.4", "@babel/helper-plugin-utils@^7.12.13", "@babel/helper-plugin-utils@^7.14.5", "@babel/helper-plugin-utils@^7.18.6", "@babel/helper-plugin-utils@^7.20.2", "@babel/helper-plugin-utils@^7.27.1", "@babel/helper-plugin-utils@^7.8.0":
  version "7.27.1"
  resolved "https://registry.yarnpkg.com/@babel/helper-plugin-utils/-/helper-plugin-utils-7.27.1.tgz#ddb2f876534ff8013e6c2b299bf4d39b3c51d44c"
  integrity sha512-1gn1Up5YXka3YYAHGKpbideQ5Yjf1tDa9qYcgysz+cNCXukyLl6DjPXhD3VRwSb8c0J9tA4b2+rHEZtc6R0tlw==

"@babel/helper-remap-async-to-generator@^7.27.1":
  version "7.27.1"
  resolved "https://registry.yarnpkg.com/@babel/helper-remap-async-to-generator/-/helper-remap-async-to-generator-7.27.1.tgz#4601d5c7ce2eb2aea58328d43725523fcd362ce6"
  integrity sha512-7fiA521aVw8lSPeI4ZOD3vRFkoqkJcS+z4hFo82bFSH/2tNd6eJ5qCVMS5OzDmZh/kaHQeBaeyxK6wljcPtveA==
  dependencies:
    "@babel/helper-annotate-as-pure" "^7.27.1"
    "@babel/helper-wrap-function" "^7.27.1"
    "@babel/traverse" "^7.27.1"

"@babel/helper-replace-supers@^7.27.1":
  version "7.27.1"
  resolved "https://registry.yarnpkg.com/@babel/helper-replace-supers/-/helper-replace-supers-7.27.1.tgz#b1ed2d634ce3bdb730e4b52de30f8cccfd692bc0"
  integrity sha512-7EHz6qDZc8RYS5ElPoShMheWvEgERonFCs7IAonWLLUTXW59DP14bCZt89/GKyreYn8g3S83m21FelHKbeDCKA==
  dependencies:
    "@babel/helper-member-expression-to-functions" "^7.27.1"
    "@babel/helper-optimise-call-expression" "^7.27.1"
    "@babel/traverse" "^7.27.1"

"@babel/helper-skip-transparent-expression-wrappers@^7.20.0", "@babel/helper-skip-transparent-expression-wrappers@^7.27.1":
  version "7.27.1"
  resolved "https://registry.yarnpkg.com/@babel/helper-skip-transparent-expression-wrappers/-/helper-skip-transparent-expression-wrappers-7.27.1.tgz#62bb91b3abba8c7f1fec0252d9dbea11b3ee7a56"
  integrity sha512-Tub4ZKEXqbPjXgWLl2+3JpQAYBJ8+ikpQ2Ocj/q/r0LwE3UhENh7EUabyHjz2kCEsrRY83ew2DQdHluuiDQFzg==
  dependencies:
    "@babel/traverse" "^7.27.1"
    "@babel/types" "^7.27.1"

"@babel/helper-string-parser@^7.27.1":
  version "7.27.1"
  resolved "https://registry.yarnpkg.com/@babel/helper-string-parser/-/helper-string-parser-7.27.1.tgz#54da796097ab19ce67ed9f88b47bb2ec49367687"
  integrity sha512-qMlSxKbpRlAridDExk92nSobyDdpPijUq2DW6oDnUqd0iOGxmQjyqhMIihI9+zv4LPyZdRje2cavWPbCbWm3eA==

"@babel/helper-validator-identifier@^7.27.1":
  version "7.27.1"
  resolved "https://registry.yarnpkg.com/@babel/helper-validator-identifier/-/helper-validator-identifier-7.27.1.tgz#a7054dcc145a967dd4dc8fee845a57c1316c9df8"
  integrity sha512-D2hP9eA+Sqx1kBZgzxZh0y1trbuU+JoDkiEwqhQ36nodYqJwyEIhPSdMNd7lOm/4io72luTPWH20Yda0xOuUow==

"@babel/helper-validator-option@^7.27.1":
  version "7.27.1"
  resolved "https://registry.yarnpkg.com/@babel/helper-validator-option/-/helper-validator-option-7.27.1.tgz#fa52f5b1e7db1ab049445b421c4471303897702f"
  integrity sha512-YvjJow9FxbhFFKDSuFnVCe2WxXk1zWc22fFePVNEaWJEu8IrZVlda6N0uHwzZrUM1il7NC9Mlp4MaJYbYd9JSg==

"@babel/helper-wrap-function@^7.27.1":
  version "7.28.3"
  resolved "https://registry.yarnpkg.com/@babel/helper-wrap-function/-/helper-wrap-function-7.28.3.tgz#fe4872092bc1438ffd0ce579e6f699609f9d0a7a"
  integrity sha512-zdf983tNfLZFletc0RRXYrHrucBEg95NIFMkn6K9dbeMYnsgHaSBGcQqdsCSStG2PYwRre0Qc2NNSCXbG+xc6g==
  dependencies:
    "@babel/template" "^7.27.2"
    "@babel/traverse" "^7.28.3"
    "@babel/types" "^7.28.2"

"@babel/helpers@^7.27.3", "@babel/helpers@^7.28.4":
  version "7.28.4"
  resolved "https://registry.yarnpkg.com/@babel/helpers/-/helpers-7.28.4.tgz#fe07274742e95bdf7cf1443593eeb8926ab63827"
  integrity sha512-HFN59MmQXGHVyYadKLVumYsA9dBFun/ldYxipEjzA4196jpLZd8UjEEBLkbEkvfYreDqJhZxYAWFPtrfhNpj4w==
  dependencies:
    "@babel/template" "^7.27.2"
    "@babel/types" "^7.28.4"

"@babel/parser@^7.1.0", "@babel/parser@^7.14.7", "@babel/parser@^7.20.7", "@babel/parser@^7.27.2", "@babel/parser@^7.27.3", "@babel/parser@^7.28.3", "@babel/parser@^7.28.4":
  version "7.28.4"
  resolved "https://registry.yarnpkg.com/@babel/parser/-/parser-7.28.4.tgz#da25d4643532890932cc03f7705fe19637e03fa8"
  integrity sha512-yZbBqeM6TkpP9du/I2pUZnJsRMGGvOuIrhjzC1AwHwW+6he4mni6Bp/m8ijn0iOuZuPI2BfkCoSRunpyjnrQKg==
  dependencies:
    "@babel/types" "^7.28.4"

"@babel/plugin-bugfix-firefox-class-in-computed-class-key@^7.27.1":
  version "7.27.1"
  resolved "https://registry.yarnpkg.com/@babel/plugin-bugfix-firefox-class-in-computed-class-key/-/plugin-bugfix-firefox-class-in-computed-class-key-7.27.1.tgz#61dd8a8e61f7eb568268d1b5f129da3eee364bf9"
  integrity sha512-QPG3C9cCVRQLxAVwmefEmwdTanECuUBMQZ/ym5kiw3XKCGA7qkuQLcjWWHcrD/GKbn/WmJwaezfuuAOcyKlRPA==
  dependencies:
    "@babel/helper-plugin-utils" "^7.27.1"
    "@babel/traverse" "^7.27.1"

"@babel/plugin-bugfix-safari-class-field-initializer-scope@^7.27.1":
  version "7.27.1"
  resolved "https://registry.yarnpkg.com/@babel/plugin-bugfix-safari-class-field-initializer-scope/-/plugin-bugfix-safari-class-field-initializer-scope-7.27.1.tgz#43f70a6d7efd52370eefbdf55ae03d91b293856d"
  integrity sha512-qNeq3bCKnGgLkEXUuFry6dPlGfCdQNZbn7yUAPCInwAJHMU7THJfrBSozkcWq5sNM6RcF3S8XyQL2A52KNR9IA==
  dependencies:
    "@babel/helper-plugin-utils" "^7.27.1"

"@babel/plugin-bugfix-safari-id-destructuring-collision-in-function-expression@^7.27.1":
  version "7.27.1"
  resolved "https://registry.yarnpkg.com/@babel/plugin-bugfix-safari-id-destructuring-collision-in-function-expression/-/plugin-bugfix-safari-id-destructuring-collision-in-function-expression-7.27.1.tgz#beb623bd573b8b6f3047bd04c32506adc3e58a72"
  integrity sha512-g4L7OYun04N1WyqMNjldFwlfPCLVkgB54A/YCXICZYBsvJJE3kByKv9c9+R/nAfmIfjl2rKYLNyMHboYbZaWaA==
  dependencies:
    "@babel/helper-plugin-utils" "^7.27.1"

"@babel/plugin-bugfix-v8-spread-parameters-in-optional-chaining@^7.27.1":
  version "7.27.1"
  resolved "https://registry.yarnpkg.com/@babel/plugin-bugfix-v8-spread-parameters-in-optional-chaining/-/plugin-bugfix-v8-spread-parameters-in-optional-chaining-7.27.1.tgz#e134a5479eb2ba9c02714e8c1ebf1ec9076124fd"
  integrity sha512-oO02gcONcD5O1iTLi/6frMJBIwWEHceWGSGqrpCmEL8nogiS6J9PBlE48CaK20/Jx1LuRml9aDftLgdjXT8+Cw==
  dependencies:
    "@babel/helper-plugin-utils" "^7.27.1"
    "@babel/helper-skip-transparent-expression-wrappers" "^7.27.1"
    "@babel/plugin-transform-optional-chaining" "^7.27.1"

"@babel/plugin-bugfix-v8-static-class-fields-redefine-readonly@^7.27.1", "@babel/plugin-bugfix-v8-static-class-fields-redefine-readonly@^7.28.3":
  version "7.28.3"
  resolved "https://registry.yarnpkg.com/@babel/plugin-bugfix-v8-static-class-fields-redefine-readonly/-/plugin-bugfix-v8-static-class-fields-redefine-readonly-7.28.3.tgz#373f6e2de0016f73caf8f27004f61d167743742a"
  integrity sha512-b6YTX108evsvE4YgWyQ921ZAFFQm3Bn+CA3+ZXlNVnPhx+UfsVURoPjfGAPCjBgrqo30yX/C2nZGX96DxvR9Iw==
  dependencies:
    "@babel/helper-plugin-utils" "^7.27.1"
    "@babel/traverse" "^7.28.3"

"@babel/plugin-proposal-class-properties@^7.16.0":
  version "7.18.6"
  resolved "https://registry.yarnpkg.com/@babel/plugin-proposal-class-properties/-/plugin-proposal-class-properties-7.18.6.tgz#b110f59741895f7ec21a6fff696ec46265c446a3"
  integrity sha512-cumfXOF0+nzZrrN8Rf0t7M+tF6sZc7vhQwYQck9q1/5w2OExlD+b4v4RpMJFaV1Z7WcDRgO6FqvxqxGlwo+RHQ==
  dependencies:
    "@babel/helper-create-class-features-plugin" "^7.18.6"
    "@babel/helper-plugin-utils" "^7.18.6"

"@babel/plugin-proposal-decorators@^7.16.4":
  version "7.28.0"
  resolved "https://registry.yarnpkg.com/@babel/plugin-proposal-decorators/-/plugin-proposal-decorators-7.28.0.tgz#419c8acc31088e05a774344c021800f7ddc39bf0"
  integrity sha512-zOiZqvANjWDUaUS9xMxbMcK/Zccztbe/6ikvUXaG9nsPH3w6qh5UaPGAnirI/WhIbZ8m3OHU0ReyPrknG+ZKeg==
  dependencies:
    "@babel/helper-create-class-features-plugin" "^7.27.1"
    "@babel/helper-plugin-utils" "^7.27.1"
    "@babel/plugin-syntax-decorators" "^7.27.1"

"@babel/plugin-proposal-nullish-coalescing-operator@^7.16.0":
  version "7.18.6"
  resolved "https://registry.yarnpkg.com/@babel/plugin-proposal-nullish-coalescing-operator/-/plugin-proposal-nullish-coalescing-operator-7.18.6.tgz#fdd940a99a740e577d6c753ab6fbb43fdb9467e1"
  integrity sha512-wQxQzxYeJqHcfppzBDnm1yAY0jSRkUXR2z8RePZYrKwMKgMlE8+Z6LUno+bd6LvbGh8Gltvy74+9pIYkr+XkKA==
  dependencies:
    "@babel/helper-plugin-utils" "^7.18.6"
    "@babel/plugin-syntax-nullish-coalescing-operator" "^7.8.3"

"@babel/plugin-proposal-numeric-separator@^7.16.0":
  version "7.18.6"
  resolved "https://registry.yarnpkg.com/@babel/plugin-proposal-numeric-separator/-/plugin-proposal-numeric-separator-7.18.6.tgz#899b14fbafe87f053d2c5ff05b36029c62e13c75"
  integrity sha512-ozlZFogPqoLm8WBr5Z8UckIoE4YQ5KESVcNudyXOR8uqIkliTEgJ3RoketfG6pmzLdeZF0H/wjE9/cCEitBl7Q==
  dependencies:
    "@babel/helper-plugin-utils" "^7.18.6"
    "@babel/plugin-syntax-numeric-separator" "^7.10.4"

"@babel/plugin-proposal-optional-chaining@^7.16.0":
  version "7.21.0"
  resolved "https://registry.yarnpkg.com/@babel/plugin-proposal-optional-chaining/-/plugin-proposal-optional-chaining-7.21.0.tgz#886f5c8978deb7d30f678b2e24346b287234d3ea"
  integrity sha512-p4zeefM72gpmEe2fkUr/OnOXpWEf8nAgk7ZYVqqfFiyIG7oFfVZcCrU64hWn5xp4tQ9LkV4bTIa5rD0KANpKNA==
  dependencies:
    "@babel/helper-plugin-utils" "^7.20.2"
    "@babel/helper-skip-transparent-expression-wrappers" "^7.20.0"
    "@babel/plugin-syntax-optional-chaining" "^7.8.3"

"@babel/plugin-proposal-private-methods@^7.16.0":
  version "7.18.6"
  resolved "https://registry.yarnpkg.com/@babel/plugin-proposal-private-methods/-/plugin-proposal-private-methods-7.18.6.tgz#5209de7d213457548a98436fa2882f52f4be6bea"
  integrity sha512-nutsvktDItsNn4rpGItSNV2sz1XwS+nfU0Rg8aCx3W3NOKVzdMjJRu0O5OkgDp3ZGICSTbgRpxZoWsxoKRvbeA==
  dependencies:
    "@babel/helper-create-class-features-plugin" "^7.18.6"
    "@babel/helper-plugin-utils" "^7.18.6"

"@babel/plugin-proposal-private-property-in-object@7.21.0-placeholder-for-preset-env.2":
  version "7.21.0-placeholder-for-preset-env.2"
  resolved "https://registry.yarnpkg.com/@babel/plugin-proposal-private-property-in-object/-/plugin-proposal-private-property-in-object-7.21.0-placeholder-for-preset-env.2.tgz#7844f9289546efa9febac2de4cfe358a050bd703"
  integrity sha512-SOSkfJDddaM7mak6cPEpswyTRnuRltl429hMraQEglW+OkovnCzsiszTmsrlY//qLFjCpQDFRvjdm2wA5pPm9w==

"@babel/plugin-proposal-private-property-in-object@^7.16.7":
  version "7.21.11"
  resolved "https://registry.yarnpkg.com/@babel/plugin-proposal-private-property-in-object/-/plugin-proposal-private-property-in-object-7.21.11.tgz#69d597086b6760c4126525cfa154f34631ff272c"
  integrity sha512-0QZ8qP/3RLDVBwBFoWAwCtgcDZJVwA5LUJRZU8x2YFfKNuFq161wK3cuGrALu5yiPu+vzwTAg/sMWVNeWeNyaw==
  dependencies:
    "@babel/helper-annotate-as-pure" "^7.18.6"
    "@babel/helper-create-class-features-plugin" "^7.21.0"
    "@babel/helper-plugin-utils" "^7.20.2"
    "@babel/plugin-syntax-private-property-in-object" "^7.14.5"

"@babel/plugin-proposal-rest-spread@^7.27.1":
  version "7.27.1"
  resolved "https://registry.npmjs.org/@babel/plugin-proposal-rest-spread/-/plugin-proposal-rest-spread-7.27.1.tgz"
  integrity sha512-YmB08h0i1f8G+8PzF6nBqj/3Z5e7c8QoE7D8vE8p6Q6iK3/B5oK4x5f3W/2b7e9/8w3d6d6/6b6e9p9o8p8/G0lP5oG4w==
  dependencies:
    "@babel/helper-plugin-utils" "^7.27.1"
    "@babel/plugin-syntax-object-rest-spread" "^7.8.3"